
Microsoft Visual Studio Solution File, Format Version 12.00
# Visual Studio Version 17
VisualStudioVersion = 17.3.32819.101
MinimumVisualStudioVersion = 10.0.40219.1
Project("{FAE04EC0-301F-11D3-BF4B-00C04F79EFBC}") = "Sorteramera", "Sorteramera\Sorteramera.csproj", "{2D08E99B-93B0-40F9-B223-2E6D0F2D5BFE}"
EndProject
Global
	GlobalSection(SolutionConfigurationPlatforms) = preSolution
		Debug|Any CPU = Debug|Any CPU
		Release|Any CPU = Release|Any CPU
	EndGlobalSection
	GlobalSection(ProjectConfigurationPlatforms) = postSolution
		{2D08E99B-93B0-40F9-B223-2E6D0F2D5BFE}.Debug|Any CPU.ActiveCfg = Debug|Any CPU
		{2D08E99B-93B0-40F9-B223-2E6D0F2D5BFE}.Debug|Any CPU.Build.0 = Debug|Any CPU
		{2D08E99B-93B0-40F9-B223-2E6D0F2D5BFE}.Release|Any CPU.ActiveCfg = Release|Any CPU
		{2D08E99B-93B0-40F9-B223-2E6D0F2D5BFE}.Release|Any CPU.Build.0 = Release|Any CPU
	EndGlobalSection
	GlobalSection(SolutionProperties) = preSolution
		HideSolutionNode = FALSE
	EndGlobalSection
	GlobalSection(ExtensibilityGlobals) = postSolution
		SolutionGuid = {CC50CBAA-9862-4FF7-AA12-A7754E162535}
	EndGlobalSection
EndGlobal
